
Microsoft Visual Studio Solution File, Format Version 12.00
# Visual Studio Version 17
VisualStudioVersion = 17.2.32630.192
MinimumVisualStudioVersion = 10.0.40219.1
Project("{8BC9CEB8-8B4A-11D0-8D11-00A0C91BC942}") = "il2cpp-cpp-class-generator", "il2cpp-cpp-class-generator\il2cpp-cpp-class-generator.vcxproj", "{752F1A1A-F701-499A-A803-AA1D9FFD0BEC}"
EndProject
Global
	GlobalSection(SolutionConfigurationPlatforms) = preSolution
		Debug|x64 = Debug|x64
		Debug|x86 = Debug|x86
		Release|x64 = Release|x64
		Release|x86 = Release|x86
	EndGlobalSection
	GlobalSection(ProjectConfigurationPlatforms) = postSolution
		{752F1A1A-F701-499A-A803-AA1D9FFD0BEC}.Debug|x64.ActiveCfg = Debug|x64
		{752F1A1A-F701-499A-A803-AA1D9FFD0BEC}.Debug|x64.Build.0 = Debug|x64
		{752F1A1A-F701-499A-A803-AA1D9FFD0BEC}.Debug|x86.ActiveCfg = Debug|Win32
		{752F1A1A-F701-499A-A803-AA1D9FFD0BEC}.Debug|x86.Build.0 = Debug|Win32
		{752F1A1A-F701-499A-A803-AA1D9FFD0BEC}.Release|x64.ActiveCfg = Release|x64
		{752F1A1A-F701-499A-A803-AA1D9FFD0BEC}.Release|x64.Build.0 = Release|x64
		{752F1A1A-F701-499A-A803-AA1D9FFD0BEC}.Release|x86.ActiveCfg = Release|Win32
		{752F1A1A-F701-499A-A803-AA1D9FFD0BEC}.Release|x86.Build.0 = Release|Win32
	EndGlobalSection
	GlobalSection(SolutionProperties) = preSolution
		HideSolutionNode = FALSE
	EndGlobalSection
	GlobalSection(ExtensibilityGlobals) = postSolution
		SolutionGuid = {A1E10CC3-C7F3-4F4B-A1FE-93B98D84003A}
	EndGlobalSection
EndGlobal
