<?xml version="1.0" encoding="utf-8"?>
<Project ToolsVersion="4.0" xmlns="http://schemas.microsoft.com/developer/msbuild/2003">
  <ItemGroup>
    <Filter Include="Source Files">
      <UniqueIdentifier>{4FC737F1-C7A5-4376-A066-2A32D752A2FF}</UniqueIdentifier>
      <Extensions>cpp;c;cc;cxx;c++;cppm;ixx;def;odl;idl;hpj;bat;asm;asmx</Extensions>
    </Filter>
    <Filter Include="Header Files">
      <UniqueIdentifier>{93995380-89BD-4b04-88EB-625FBE52EBFB}</UniqueIdentifier>
      <Extensions>h;hh;hpp;hxx;h++;hm;inl;inc;ipp;xsd</Extensions>
    </Filter>
    <Filter Include="Resource Files">
      <UniqueIdentifier>{67DA6AB6-F800-4c08-8B7A-83BB121AAD01}</UniqueIdentifier>
      <Extensions>rc;ico;cur;bmp;dlg;rc2;rct;bin;rgs;gif;jpg;jpeg;jpe;resx;tiff;tif;png;wav;mfcribbon-ms</Extensions>
    </Filter>
  </ItemGroup>
  <ItemGroup>
    <ClCompile Include="il2cpp-cpp-class-generator.cpp">
      <Filter>Source Files</Filter>
    </ClCompile>
    <ClCompile Include="utils\UnityVersion.cpp">
      <Filter>Source Files</Filter>
    </ClCompile>
    <ClCompile Include="metadata-processing\default\metadata-registration\MetadataRegistration.cpp">
      <Filter>Source Files</Filter>
    </ClCompile>
    <ClCompile Include="utils\FileHelper.cpp">
      <Filter>Source Files</Filter>
    </ClCompile>
  </ItemGroup>
  <ItemGroup>
    <ClInclude Include="class-generator\typeinfo.h">
      <Filter>Header Files</Filter>
    </ClInclude>
    <ClInclude Include="class-generator\typeconversion.h">
      <Filter>Header Files</Filter>
    </ClInclude>
    <ClInclude Include="utils\UnityVersion.h">
      <Filter>Header Files</Filter>
    </ClInclude>
    <ClInclude Include="metadata-processing\default\metadata-file\versions\metadata-v24-0.h">
      <Filter>Header Files</Filter>
    </ClInclude>
    <ClInclude Include="il2cpp\metadata-const.h">
      <Filter>Header Files</Filter>
    </ClInclude>
    <ClInclude Include="metadata-processing\default\metadata-file\versions\metadata-v24-1.h">
      <Filter>Header Files</Filter>
    </ClInclude>
    <ClInclude Include="metadata-processing\default\metadata-file\versions\metadata-v24-2.h">
      <Filter>Header Files</Filter>
    </ClInclude>
    <ClInclude Include="metadata-processing\default\metadata-file\versions\metadata-v24-3.h">
      <Filter>Header Files</Filter>
    </ClInclude>
    <ClInclude Include="metadata-processing\default\metadata-file\versions\metadata-v24-4.h">
      <Filter>Header Files</Filter>
    </ClInclude>
    <ClInclude Include="metadata-processing\default\metadata-file\versions\metadata-v24-5.h">
      <Filter>Header Files</Filter>
    </ClInclude>
    <ClInclude Include="metadata-processing\default\metadata-file\versions\metadata-v24-15.h">
      <Filter>Header Files</Filter>
    </ClInclude>
    <ClInclude Include="metadata-processing\default\metadata-file\versions\metadata-v27-0.h">
      <Filter>Header Files</Filter>
    </ClInclude>
    <ClInclude Include="metadata-processing\default\metadata-file\versions\metadata-v27-1.h">
      <Filter>Header Files</Filter>
    </ClInclude>
    <ClInclude Include="metadata-processing\default\metadata-file\versions\metadata-v29-0.h">
      <Filter>Header Files</Filter>
    </ClInclude>
    <ClInclude Include="metadata-processing\default\metadata-file\versions\metadata-v23-0.h">
      <Filter>Header Files</Filter>
    </ClInclude>
    <ClInclude Include="metadata-processing\default\metadata-file\versions\metadata-v27-9.h">
      <Filter>Header Files</Filter>
    </ClInclude>
    <ClInclude Include="metadata-processing\default\metadata-file\MetadataProcessorImpl.h">
      <Filter>Header Files</Filter>
    </ClInclude>
    <ClInclude Include="il2cpp\il2cpp-tabledefs.h">
      <Filter>Header Files</Filter>
    </ClInclude>
    <ClInclude Include="metadata-processing\default\metadata-registration\MetadataRegistration.h">
      <Filter>Header Files</Filter>
    </ClInclude>
    <ClInclude Include="utils\FileHelper.h">
      <Filter>Header Files</Filter>
    </ClInclude>
    <ClInclude Include="il2cpp\il2cpp-binarystructs.h">
      <Filter>Header Files</Filter>
    </ClInclude>
  </ItemGroup>
</Project>